
Microsoft Visual Studio Solution File, Format Version 12.00
# Visual Studio Version 16
VisualStudioVersion = 16.0.29709.97
MinimumVisualStudioVersion = 10.0.40219.1
Project("{FAE04EC0-301F-11D3-BF4B-00C04F79EFBC}") = "Juego", "Juego\Juego.csproj", "{1582F2EA-3507-41A9-A323-C3280D94BE2E}"
EndProject
Global
	GlobalSection(SolutionConfigurationPlatforms) = preSolution
		Debug|Any CPU = Debug|Any CPU
		Release|Any CPU = Release|Any CPU
	EndGlobalSection
	GlobalSection(ProjectConfigurationPlatforms) = postSolution
		{1582F2EA-3507-41A9-A323-C3280D94BE2E}.Debug|Any CPU.ActiveCfg = Debug|Any CPU
		{1582F2EA-3507-41A9-A323-C3280D94BE2E}.Debug|Any CPU.Build.0 = Debug|Any CPU
		{1582F2EA-3507-41A9-A323-C3280D94BE2E}.Release|Any CPU.ActiveCfg = Release|Any CPU
		{1582F2EA-3507-41A9-A323-C3280D94BE2E}.Release|Any CPU.Build.0 = Release|Any CPU
	EndGlobalSection
	GlobalSection(SolutionProperties) = preSolution
		HideSolutionNode = FALSE
	EndGlobalSection
	GlobalSection(ExtensibilityGlobals) = postSolution
		SolutionGuid = {F05C6BE3-419B-416C-BDC1-0CD89671B8FF}
	EndGlobalSection
EndGlobal
